
Microsoft Visual Studio Solution File, Format Version 12.00
# Visual Studio Version 16
VisualStudioVersion = 16.0.33214.272
MinimumVisualStudioVersion = 10.0.40219.1
Project("{9A19103F-16F7-4668-BE54-9A1E7A4F7556}") = "mission-9_CollinYoung", "mission-9_CollinYoung.csproj", "{9861D110-F5E8-43D8-A118-FB95DD5ACFB7}"
EndProject
Global
	GlobalSection(SolutionConfigurationPlatforms) = preSolution
		Debug|Any CPU = Debug|Any CPU
		Release|Any CPU = Release|Any CPU
	EndGlobalSection
	GlobalSection(ProjectConfigurationPlatforms) = postSolution
		{9861D110-F5E8-43D8-A118-FB95DD5ACFB7}.Debug|Any CPU.ActiveCfg = Debug|Any CPU
		{9861D110-F5E8-43D8-A118-FB95DD5ACFB7}.Debug|Any CPU.Build.0 = Debug|Any CPU
		{9861D110-F5E8-43D8-A118-FB95DD5ACFB7}.Release|Any CPU.ActiveCfg = Release|Any CPU
		{9861D110-F5E8-43D8-A118-FB95DD5ACFB7}.Release|Any CPU.Build.0 = Release|Any CPU
	EndGlobalSection
	GlobalSection(SolutionProperties) = preSolution
		HideSolutionNode = FALSE
	EndGlobalSection
	GlobalSection(ExtensibilityGlobals) = postSolution
		SolutionGuid = {BDA34757-2104-4185-AABB-23C7C141BA7F}
	EndGlobalSection
EndGlobal
